
Microsoft Visual Studio Solution File, Format Version 12.00
# Visual Studio Version 17
VisualStudioVersion = 17.6.33815.320
MinimumVisualStudioVersion = 10.0.40219.1
Project("{FAE04EC0-301F-11D3-BF4B-00C04F79EFBC}") = "WebAsp", "WebAsp\WebAsp.csproj", "{0FE349C0-4050-49FA-9F9C-70B3F74804BE}"
EndProject
Global
	GlobalSection(SolutionConfigurationPlatforms) = preSolution
		Debug|Any CPU = Debug|Any CPU
		Release|Any CPU = Release|Any CPU
	EndGlobalSection
	GlobalSection(ProjectConfigurationPlatforms) = postSolution
		{0FE349C0-4050-49FA-9F9C-70B3F74804BE}.Debug|Any CPU.ActiveCfg = Debug|Any CPU
		{0FE349C0-4050-49FA-9F9C-70B3F74804BE}.Debug|Any CPU.Build.0 = Debug|Any CPU
		{0FE349C0-4050-49FA-9F9C-70B3F74804BE}.Release|Any CPU.ActiveCfg = Release|Any CPU
		{0FE349C0-4050-49FA-9F9C-70B3F74804BE}.Release|Any CPU.Build.0 = Release|Any CPU
	EndGlobalSection
	GlobalSection(SolutionProperties) = preSolution
		HideSolutionNode = FALSE
	EndGlobalSection
	GlobalSection(ExtensibilityGlobals) = postSolution
		SolutionGuid = {4AD9A559-C8E0-497F-B9AE-70043291CA67}
	EndGlobalSection
EndGlobal
